
Microsoft Visual Studio Solution File, Format Version 12.00
# Visual Studio Version 16
VisualStudioVersion = 16.0.30711.63
MinimumVisualStudioVersion = 10.0.40219.1
Project("{FAE04EC0-301F-11D3-BF4B-00C04F79EFBC}") = "prime numbers", "prime numbers\prime numbers.csproj", "{16F4F2B1-373C-4424-B8A9-257D38E49BA1}"
EndProject
Global
	GlobalSection(SolutionConfigurationPlatforms) = preSolution
		Debug|Any CPU = Debug|Any CPU
		Release|Any CPU = Release|Any CPU
	EndGlobalSection
	GlobalSection(ProjectConfigurationPlatforms) = postSolution
		{16F4F2B1-373C-4424-B8A9-257D38E49BA1}.Debug|Any CPU.ActiveCfg = Debug|Any CPU
		{16F4F2B1-373C-4424-B8A9-257D38E49BA1}.Debug|Any CPU.Build.0 = Debug|Any CPU
		{16F4F2B1-373C-4424-B8A9-257D38E49BA1}.Release|Any CPU.ActiveCfg = Release|Any CPU
		{16F4F2B1-373C-4424-B8A9-257D38E49BA1}.Release|Any CPU.Build.0 = Release|Any CPU
	EndGlobalSection
	GlobalSection(SolutionProperties) = preSolution
		HideSolutionNode = FALSE
	EndGlobalSection
	GlobalSection(ExtensibilityGlobals) = postSolution
		SolutionGuid = {D8E3B98B-63BF-49B8-BBB3-A43C064411EA}
	EndGlobalSection
EndGlobal
